
Microsoft Visual Studio Solution File, Format Version 12.00
# Visual Studio 15
VisualStudioVersion = 15.0.28307.489
MinimumVisualStudioVersion = 10.0.40219.1
Project("{F184B08F-C81C-45F6-A57F-5ABD9991F28F}") = "WindowsApp1", "WindowsApp1.vbproj", "{1971D1A3-7C7F-466B-85C6-C67F362DBFEC}"
EndProject
Global
	GlobalSection(SolutionConfigurationPlatforms) = preSolution
		Debug|Any CPU = Debug|Any CPU
		Release|Any CPU = Release|Any CPU
	EndGlobalSection
	GlobalSection(ProjectConfigurationPlatforms) = postSolution
		{1971D1A3-7C7F-466B-85C6-C67F362DBFEC}.Debug|Any CPU.ActiveCfg = Debug|Any CPU
		{1971D1A3-7C7F-466B-85C6-C67F362DBFEC}.Debug|Any CPU.Build.0 = Debug|Any CPU
		{1971D1A3-7C7F-466B-85C6-C67F362DBFEC}.Release|Any CPU.ActiveCfg = Release|Any CPU
		{1971D1A3-7C7F-466B-85C6-C67F362DBFEC}.Release|Any CPU.Build.0 = Release|Any CPU
	EndGlobalSection
	GlobalSection(SolutionProperties) = preSolution
		HideSolutionNode = FALSE
	EndGlobalSection
	GlobalSection(ExtensibilityGlobals) = postSolution
		SolutionGuid = {D1F96A7E-3D65-49B4-A162-44EC3ED06868}
	EndGlobalSection
EndGlobal
